
Microsoft Visual Studio Solution File, Format Version 12.00
# Visual Studio for Mac
Project("{FAE04EC0-301F-11D3-BF4B-00C04F79EFBC}") = "AGD - Line Rider", "AGD - Line Rider.csproj", "{F461D0CA-D363-F86A-B2E5-070F10CFAB20}"
EndProject
Project("{FAE04EC0-301F-11D3-BF4B-00C04F79EFBC}") = "AGD - Line Rider.Editor", "AGD - Line Rider.Editor.csproj", "{18148052-D440-DD59-D7B7-CAB3432F0CC6}"
EndProject
Global
	GlobalSection(SolutionConfigurationPlatforms) = preSolution
		Debug|Any CPU = Debug|Any CPU
		Release|Any CPU = Release|Any CPU
	EndGlobalSection
	GlobalSection(ProjectConfigurationPlatforms) = postSolution
		{F461D0CA-D363-F86A-B2E5-070F10CFAB20}.Debug|Any CPU.ActiveCfg = Debug|Any CPU
		{F461D0CA-D363-F86A-B2E5-070F10CFAB20}.Debug|Any CPU.Build.0 = Debug|Any CPU
		{F461D0CA-D363-F86A-B2E5-070F10CFAB20}.Release|Any CPU.ActiveCfg = Release|Any CPU
		{F461D0CA-D363-F86A-B2E5-070F10CFAB20}.Release|Any CPU.Build.0 = Release|Any CPU
		{18148052-D440-DD59-D7B7-CAB3432F0CC6}.Debug|Any CPU.ActiveCfg = Debug|Any CPU
		{18148052-D440-DD59-D7B7-CAB3432F0CC6}.Debug|Any CPU.Build.0 = Debug|Any CPU
		{18148052-D440-DD59-D7B7-CAB3432F0CC6}.Release|Any CPU.ActiveCfg = Release|Any CPU
		{18148052-D440-DD59-D7B7-CAB3432F0CC6}.Release|Any CPU.Build.0 = Release|Any CPU
	EndGlobalSection
	GlobalSection(SolutionProperties) = preSolution
		HideSolutionNode = FALSE
	EndGlobalSection
EndGlobal
